// !$*UTF8*$!
{
	archiveVersion = 1;
	classes = {
	};
	objectVersion = 50;
	objects = {

/* Begin PBXBuildFile section */
		BE50C9742436F3D300D47738 /* AppDelegate.swift in Sources */ = {isa = PBXBuildFile; fileRef = BE50C9732436F3D300D47738 /* AppDelegate.swift */; };
		BE50C9762436F3D300D47738 /* SceneDelegate.swift in Sources */ = {isa = PBXBuildFile; fileRef = BE50C9752436F3D300D47738 /* SceneDelegate.swift */; };
		BE50C9782436F3D300D47738 /* MainViewController.swift in Sources */ = {isa = PBXBuildFile; fileRef = BE50C9772436F3D300D47738 /* MainViewController.swift */; };
		BE50C97B2436F3D300D47738 /* Main.storyboard in Resources */ = {isa = PBXBuildFile; fileRef = BE50C9792436F3D300D47738 /* Main.storyboard */; };
		BE50C97D2436F3D900D47738 /* Assets.xcassets in Resources */ = {isa = PBXBuildFile; fileRef = BE50C97C2436F3D900D47738 /* Assets.xcassets */; };
		BE50C9802436F3D900D47738 /* LaunchScreen.storyboard in Resources */ = {isa = PBXBuildFile; fileRef = BE50C97E2436F3D900D47738 /* LaunchScreen.storyboard */; };
		BE50C98B2436F3DA00D47738 /* RotationImageTests.swift in Sources */ = {isa = PBXBuildFile; fileRef = BE50C98A2436F3DA00D47738 /* RotationImageTests.swift */; };
		BE50C9962436F3DA00D47738 /* RotationImageUITests.swift in Sources */ = {isa = PBXBuildFile; fileRef = BE50C9952436F3DA00D47738 /* RotationImageUITests.swift */; };
		BE50C9A62436FE2200D47738 /* RotateViewController.swift in Sources */ = {isa = PBXBuildFile; fileRef = BE50C9A52436FE2200D47738 /* RotateViewController.swift */; };
		BE5C876E24370F2300393F9C /* UIViewController+Extension.swift in Sources */ = {isa = PBXBuildFile; fileRef = BE5C876D24370F2300393F9C /* UIViewController+Extension.swift */; };
		BE5C877524376BCA00393F9C /* UIImageView+Extension.swift in Sources */ = {isa = PBXBuildFile; fileRef = BE5C877424376BCA00393F9C /* UIImageView+Extension.swift */; };
		BE5C877724378FFA00393F9C /* UIImage+Extension.swift in Sources */ = {isa = PBXBuildFile; fileRef = BE5C877624378FFA00393F9C /* UIImage+Extension.swift */; };
/* End PBXBuildFile section */

/* Begin PBXContainerItemProxy section */
		BE50C9872436F3DA00D47738 /* PBXContainerItemProxy */ = {
			isa = PBXContainerItemProxy;
			containerPortal = BE50C9682436F3D300D47738 /* Project object */;
			proxyType = 1;
			remoteGlobalIDString = BE50C96F2436F3D300D47738;
			remoteInfo = RotationImage;
		};
		BE50C9922436F3DA00D47738 /* PBXContainerItemProxy */ = {
			isa = PBXContainerItemProxy;
			containerPortal = BE50C9682436F3D300D47738 /* Project object */;
			proxyType = 1;
			remoteGlobalIDString = BE50C96F2436F3D300D47738;
			remoteInfo = RotationImage;
		};
/* End PBXContainerItemProxy section */

/* Begin PBXFileReference section */
		BE50C9702436F3D300D47738 /* RotationImage.app */ = {isa = PBXFileReference; explicitFileType = wrapper.application; includeInIndex = 0; path = RotationImage.app; sourceTree = BUILT_PRODUCTS_DIR; };
		BE50C9732436F3D300D47738 /* AppDelegate.swift */ = {isa = PBXFileReference; lastKnownFileType = sourcecode.swift; path = AppDelegate.swift; sourceTree = "<group>"; };
		BE50C9752436F3D300D47738 /* SceneDelegate.swift */ = {isa = PBXFileReference; lastKnownFileType = sourcecode.swift; path = SceneDelegate.swift; sourceTree = "<group>"; };
		BE50C9772436F3D300D47738 /* MainViewController.swift */ = {isa = PBXFileReference; lastKnownFileType = sourcecode.swift; path = MainViewController.swift; sourceTree = "<group>"; };
		BE50C97A2436F3D300D47738 /* Base */ = {isa = PBXFileReference; lastKnownFileType = file.storyboard; name = Base; path = Base.lproj/Main.storyboard; sourceTree = "<group>"; };
		BE50C97C2436F3D900D47738 /* Assets.xcassets */ = {isa = PBXFileReference; lastKnownFileType = folder.assetcatalog; path = Assets.xcassets; sourceTree = "<group>"; };
		BE50C97F2436F3D900D47738 /* Base */ = {isa = PBXFileReference; lastKnownFileType = file.storyboard; name = Base; path = Base.lproj/LaunchScreen.storyboard; sourceTree = "<group>"; };
		BE50C9812436F3D900D47738 /* Info.plist */ = {isa = PBXFileReference; lastKnownFileType = text.plist.xml; path = Info.plist; sourceTree = "<group>"; };
		BE50C9862436F3DA00D47738 /* RotationImageTests.xctest */ = {isa = PBXFileReference; explicitFileType = wrapper.cfbundle; includeInIndex = 0; path = RotationImageTests.xctest; sourceTree = BUILT_PRODUCTS_DIR; };
		BE50C98A2436F3DA00D47738 /* RotationImageTests.swift */ = {isa = PBXFileReference; lastKnownFileType = sourcecode.swift; path = RotationImageTests.swift; sourceTree = "<group>"; };
		BE50C98C2436F3DA00D47738 /* Info.plist */ = {isa = PBXFileReference; lastKnownFileType = text.plist.xml; path = Info.plist; sourceTree = "<group>"; };
		BE50C9912436F3DA00D47738 /* RotationImageUITests.xctest */ = {isa = PBXFileReference; explicitFileType = wrapper.cfbundle; includeInIndex = 0; path = RotationImageUITests.xctest; sourceTree = BUILT_PRODUCTS_DIR; };
		BE50C9952436F3DA00D47738 /* RotationImageUITests.swift */ = {isa = PBXFileReference; lastKnownFileType = sourcecode.swift; path = RotationImageUITests.swift; sourceTree = "<group>"; };
		BE50C9972436F3DA00D47738 /* Info.plist */ = {isa = PBXFileReference; lastKnownFileType = text.plist.xml; path = Info.plist; sourceTree = "<group>"; };
		BE50C9A52436FE2200D47738 /* RotateViewController.swift */ = {isa = PBXFileReference; lastKnownFileType = sourcecode.swift; path = RotateViewController.swift; sourceTree = "<group>"; };
		BE5C876D24370F2300393F9C /* UIViewController+Extension.swift */ = {isa = PBXFileReference; lastKnownFileType = sourcecode.swift; path = "UIViewController+Extension.swift"; sourceTree = "<group>"; };
		BE5C877424376BCA00393F9C /* UIImageView+Extension.swift */ = {isa = PBXFileReference; lastKnownFileType = sourcecode.swift; path = "UIImageView+Extension.swift"; sourceTree = "<group>"; };
		BE5C877624378FFA00393F9C /* UIImage+Extension.swift */ = {isa = PBXFileReference; lastKnownFileType = sourcecode.swift; path = "UIImage+Extension.swift"; sourceTree = "<group>"; };
/* End PBXFileReference section */

/* Begin PBXFrameworksBuildPhase section */
		BE50C96D2436F3D300D47738 /* Frameworks */ = {
			isa = PBXFrameworksBuildPhase;
			buildActionMask = 2147483647;
			files = (
			);
			runOnlyForDeploymentPostprocessing = 0;
		};
		BE50C9832436F3DA00D47738 /* Frameworks */ = {
			isa = PBXFrameworksBuildPhase;
			buildActionMask = 2147483647;
			files = (
			);
			runOnlyForDeploymentPostprocessing = 0;
		};
		BE50C98E2436F3DA00D47738 /* Frameworks */ = {
			isa = PBXFrameworksBuildPhase;
			buildActionMask = 2147483647;
			files = (
			);
			runOnlyForDeploymentPostprocessing = 0;
		};
/* End PBXFrameworksBuildPhase section */

/* Begin PBXGroup section */
		BE50C9672436F3D300D47738 = {
			isa = PBXGroup;
			children = (
				BE50C9722436F3D300D47738 /* RotationImage */,
				BE50C9892436F3DA00D47738 /* RotationImageTests */,
				BE50C9942436F3DA00D47738 /* RotationImageUITests */,
				BE50C9712436F3D300D47738 /* Products */,
			);
			sourceTree = "<group>";
		};
		BE50C9712436F3D300D47738 /* Products */ = {
			isa = PBXGroup;
			children = (
				BE50C9702436F3D300D47738 /* RotationImage.app */,
				BE50C9862436F3DA00D47738 /* RotationImageTests.xctest */,
				BE50C9912436F3DA00D47738 /* RotationImageUITests.xctest */,
			);
			name = Products;
			sourceTree = "<group>";
		};
		BE50C9722436F3D300D47738 /* RotationImage */ = {
			isa = PBXGroup;
			children = (
				BE5C876F24372C4A00393F9C /* Extension */,
				BE50C9732436F3D300D47738 /* AppDelegate.swift */,
				BE50C9752436F3D300D47738 /* SceneDelegate.swift */,
				BE50C9772436F3D300D47738 /* MainViewController.swift */,
				BE50C9A52436FE2200D47738 /* RotateViewController.swift */,
				BE50C9792436F3D300D47738 /* Main.storyboard */,
				BE50C97E2436F3D900D47738 /* LaunchScreen.storyboard */,
				BE50C97C2436F3D900D47738 /* Assets.xcassets */,
				BE50C9812436F3D900D47738 /* Info.plist */,
			);
			path = RotationImage;
			sourceTree = "<group>";
		};
		BE50C9892436F3DA00D47738 /* RotationImageTests */ = {
			isa = PBXGroup;
			children = (
				BE50C98A2436F3DA00D47738 /* RotationImageTests.swift */,
				BE50C98C2436F3DA00D47738 /* Info.plist */,
			);
			path = RotationImageTests;
			sourceTree = "<group>";
		};
		BE50C9942436F3DA00D47738 /* RotationImageUITests */ = {
			isa = PBXGroup;
			children = (
				BE50C9952436F3DA00D47738 /* RotationImageUITests.swift */,
				BE50C9972436F3DA00D47738 /* Info.plist */,
			);
			path = RotationImageUITests;
			sourceTree = "<group>";
		};
		BE5C876F24372C4A00393F9C /* Extension */ = {
			isa = PBXGroup;
			children = (
				BE5C876D24370F2300393F9C /* UIViewController+Extension.swift */,
				BE5C877424376BCA00393F9C /* UIImageView+Extension.swift */,
				BE5C877624378FFA00393F9C /* UIImage+Extension.swift */,
			);
			path = Extension;
			sourceTree = "<group>";
		};
/* End PBXGroup section */

/* Begin PBXNativeTarget section */
		BE50C96F2436F3D300D47738 /* RotationImage */ = {
			isa = PBXNativeTarget;
			buildConfigurationList = BE50C99A2436F3DA00D47738 /* Build configuration list for PBXNativeTarget "RotationImage" */;
			buildPhases = (
				BE50C96C2436F3D300D47738 /* Sources */,
				BE50C96D2436F3D300D47738 /* Frameworks */,
				BE50C96E2436F3D300D47738 /* Resources */,
			);
			buildRules = (
			);
			dependencies = (
			);
			name = RotationImage;
			productName = RotationImage;
			productReference = BE50C9702436F3D300D47738 /* RotationImage.app */;
			productType = "com.apple.product-type.application";
		};
		BE50C9852436F3DA00D47738 /* RotationImageTests */ = {
			isa = PBXNativeTarget;
			buildConfigurationList = BE50C99D2436F3DA00D47738 /* Build configuration list for PBXNativeTarget "RotationImageTests" */;
			buildPhases = (
				BE50C9822436F3DA00D47738 /* Sources */,
				BE50C9832436F3DA00D47738 /* Frameworks */,
				BE50C9842436F3DA00D47738 /* Resources */,
			);
			buildRules = (
			);
			dependencies = (
				BE50C9882436F3DA00D47738 /* PBXTargetDependency */,
			);
			name = RotationImageTests;
			productName = RotationImageTests;
			productReference = BE50C9862436F3DA00D47738 /* RotationImageTests.xctest */;
			productType = "com.apple.product-type.bundle.unit-test";
		};
		BE50C9902436F3DA00D47738 /* RotationImageUITests */ = {
			isa = PBXNativeTarget;
			buildConfigurationList = BE50C9A02436F3DA00D47738 /* Build configuration list for PBXNativeTarget "RotationImageUITests" */;
			buildPhases = (
				BE50C98D2436F3DA00D47738 /* Sources */,
				BE50C98E2436F3DA00D47738 /* Frameworks */,
				BE50C98F2436F3DA00D47738 /* Resources */,
			);
			buildRules = (
			);
			dependencies = (
				BE50C9932436F3DA00D47738 /* PBXTargetDependency */,
			);
			name = RotationImageUITests;
			productName = RotationImageUITests;
			productReference = BE50C9912436F3DA00D47738 /* RotationImageUITests.xctest */;
			productType = "com.apple.product-type.bundle.ui-testing";
		};
/* End PBXNativeTarget section */

/* Begin PBXProject section */
		BE50C9682436F3D300D47738 /* Project object */ = {
			isa = PBXProject;
			attributes = {
				LastSwiftUpdateCheck = 1130;
				LastUpgradeCheck = 1130;
				ORGANIZATIONNAME = Ninn;
				TargetAttributes = {
					BE50C96F2436F3D300D47738 = {
						CreatedOnToolsVersion = 11.3.1;
					};
					BE50C9852436F3DA00D47738 = {
						CreatedOnToolsVersion = 11.3.1;
						TestTargetID = BE50C96F2436F3D300D47738;
					};
					BE50C9902436F3DA00D47738 = {
						CreatedOnToolsVersion = 11.3.1;
						TestTargetID = BE50C96F2436F3D300D47738;
					};
				};
			};
			buildConfigurationList = BE50C96B2436F3D300D47738 /* Build configuration list for PBXProject "RotationImage" */;
			compatibilityVersion = "Xcode 9.3";
			developmentRegion = en;
			hasScannedForEncodings = 0;
			knownRegions = (
				en,
				Base,
			);
			mainGroup = BE50C9672436F3D300D47738;
			productRefGroup = BE50C9712436F3D300D47738 /* Products */;
			projectDirPath = "";
			projectRoot = "";
			targets = (
				BE50C96F2436F3D300D47738 /* RotationImage */,
				BE50C9852436F3DA00D47738 /* RotationImageTests */,
				BE50C9902436F3DA00D47738 /* RotationImageUITests */,
			);
		};
/* End PBXProject section */

/* Begin PBXResourcesBuildPhase section */
		BE50C96E2436F3D300D47738 /* Resources */ = {
			isa = PBXResourcesBuildPhase;
			buildActionMask = 2147483647;
			files = (
				BE50C9802436F3D900D47738 /* LaunchScreen.storyboard in Resources */,
				BE50C97D2436F3D900D47738 /* Assets.xcassets in Resources */,
				BE50C97B2436F3D300D47738 /* Main.storyboard in Resources */,
			);
			runOnlyForDeploymentPostprocessing = 0;
		};
		BE50C9842436F3DA00D47738 /* Resources */ = {
			isa = PBXResourcesBuildPhase;
			buildActionMask = 2147483647;
			files = (
			);
			runOnlyForDeploymentPostprocessing = 0;
		};
		BE50C98F2436F3DA00D47738 /* Resources */ = {
			isa = PBXResourcesBuildPhase;
			buildActionMask = 2147483647;
			files = (
			);
			runOnlyForDeploymentPostprocessing = 0;
		};
/* End PBXResourcesBuildPhase section */

/* Begin PBXSourcesBuildPhase section */
		BE50C96C2436F3D300D47738 /* Sources */ = {
			isa = PBXSourcesBuildPhase;
			buildActionMask = 2147483647;
			files = (
				BE50C9782436F3D300D47738 /* MainViewController.swift in Sources */,
				BE5C877724378FFA00393F9C /* UIImage+Extension.swift in Sources */,
				BE50C9742436F3D300D47738 /* AppDelegate.swift in Sources */,
				BE50C9762436F3D300D47738 /* SceneDelegate.swift in Sources */,
				BE5C877524376BCA00393F9C /* UIImageView+Extension.swift in Sources */,
				BE5C876E24370F2300393F9C /* UIViewController+Extension.swift in Sources */,
				BE50C9A62436FE2200D47738 /* RotateViewController.swift in Sources */,
			);
			runOnlyForDeploymentPostprocessing = 0;
		};
		BE50C9822436F3DA00D47738 /* Sources */ = {
			isa = PBXSourcesBuildPhase;
			buildActionMask = 2147483647;
			files = (
				BE50C98B2436F3DA00D47738 /* RotationImageTests.swift in Sources */,
			);
			runOnlyForDeploymentPostprocessing = 0;
		};
		BE50C98D2436F3DA00D47738 /* Sources */ = {
			isa = PBXSourcesBuildPhase;
			buildActionMask = 2147483647;
			files = (
				BE50C9962436F3DA00D47738 /* RotationImageUITests.swift in Sources */,
			);
			runOnlyForDeploymentPostprocessing = 0;
		};
/* End PBXSourcesBuildPhase section */

/* Begin PBXTargetDependency section */
		BE50C9882436F3DA00D47738 /* PBXTargetDependency */ = {
			isa = PBXTargetDependency;
			target = BE50C96F2436F3D300D47738 /* RotationImage */;
			targetProxy = BE50C9872436F3DA00D47738 /* PBXContainerItemProxy */;
		};
		BE50C9932436F3DA00D47738 /* PBXTargetDependency */ = {
			isa = PBXTargetDependency;
			target = BE50C96F2436F3D300D47738 /* RotationImage */;
			targetProxy = BE50C9922436F3DA00D47738 /* PBXContainerItemProxy */;
		};
/* End PBXTargetDependency section */

/* Begin PBXVariantGroup section */
		BE50C9792436F3D300D47738 /* Main.storyboard */ = {
			isa = PBXVariantGroup;
			children = (
				BE50C97A2436F3D300D47738 /* Base */,
			);
			name = Main.storyboard;
			sourceTree = "<group>";
		};
		BE50C97E2436F3D900D47738 /* LaunchScreen.storyboard */ = {
			isa = PBXVariantGroup;
			children = (
				BE50C97F2436F3D900D47738 /* Base */,
			);
			name = LaunchScreen.storyboard;
			sourceTree = "<group>";
		};
/* End PBXVariantGroup section */

/* Begin XCBuildConfiguration section */
		BE50C9982436F3DA00D47738 /* Debug */ = {
			isa = XCBuildConfiguration;
			buildSettings = {
				ALWAYS_SEARCH_USER_PATHS = NO;
				CLANG_ANALYZER_NONNULL = YES;
				CLANG_ANALYZER_NUMBER_OBJECT_CONVERSION = YES_AGGRESSIVE;
				CLANG_CXX_LANGUAGE_STANDARD = "gnu++14";
				CLANG_CXX_LIBRARY = "libc++";
				CLANG_ENABLE_MODULES = YES;
				CLANG_ENABLE_OBJC_ARC = YES;
				CLANG_ENABLE_OBJC_WEAK = YES;
				CLANG_WARN_BLOCK_CAPTURE_AUTORELEASING = YES;
				CLANG_WARN_BOOL_CONVERSION = YES;
				CLANG_WARN_COMMA = YES;
				CLANG_WARN_CONSTANT_CONVERSION = YES;
				CLANG_WARN_DEPRECATED_OBJC_IMPLEMENTATIONS = YES;
				CLANG_WARN_DIRECT_OBJC_ISA_USAGE = YES_ERROR;
				CLANG_WARN_DOCUMENTATION_COMMENTS = YES;
				CLANG_WARN_EMPTY_BODY = YES;
				CLANG_WARN_ENUM_CONVERSION = YES;
				CLANG_WARN_INFINITE_RECURSION = YES;
				CLANG_WARN_INT_CONVERSION = YES;
				CLANG_WARN_NON_LITERAL_NULL_CONVERSION = YES;
				CLANG_WARN_OBJC_IMPLICIT_RETAIN_SELF = YES;
				CLANG_WARN_OBJC_LITERAL_CONVERSION = YES;
				CLANG_WARN_OBJC_ROOT_CLASS = YES_ERROR;
				CLANG_WARN_RANGE_LOOP_ANALYSIS = YES;
				CLANG_WARN_STRICT_PROTOTYPES = YES;
				CLANG_WARN_SUSPICIOUS_MOVE = YES;
				CLANG_WARN_UNGUARDED_AVAILABILITY = YES_AGGRESSIVE;
				CLANG_WARN_UNREACHABLE_CODE = YES;
				CLANG_WARN__DUPLICATE_METHOD_MATCH = YES;
				COPY_PHASE_STRIP = NO;
				DEBUG_INFORMATION_FORMAT = dwarf;
				ENABLE_STRICT_OBJC_MSGSEND = YES;
				ENABLE_TESTABILITY = YES;
				GCC_C_LANGUAGE_STANDARD = gnu11;
				GCC_DYNAMIC_NO_PIC = NO;
				GCC_NO_COMMON_BLOCKS = YES;
				GCC_OPTIMIZATION_LEVEL = 0;
				GCC_PREPROCESSOR_DEFINITIONS = (
					"DEBUG=1",
					"$(inherited)",
				);
				GCC_WARN_64_TO_32_BIT_CONVERSION = YES;
				GCC_WARN_ABOUT_RETURN_TYPE = YES_ERROR;
				GCC_WARN_UNDECLARED_SELECTOR = YES;
				GCC_WARN_UNINITIALIZED_AUTOS = YES_AGGRESSIVE;
				GCC_WARN_UNUSED_FUNCTION = YES;
				GCC_WARN_UNUSED_VARIABLE = YES;
				IPHONEOS_DEPLOYMENT_TARGET = 13.2;
				MTL_ENABLE_DEBUG_INFO = INCLUDE_SOURCE;
				MTL_FAST_MATH = YES;
				ONLY_ACTIVE_ARCH = YES;
				SDKROOT = iphoneos;
				SWIFT_ACTIVE_COMPILATION_CONDITIONS = DEBUG;
				SWIFT_OPTIMIZATION_LEVEL = "-Onone";
			};
			name = Debug;
		};
		BE50C9992436F3DA00D47738 /* Release */ = {
			isa = XCBuildConfiguration;
			buildSettings = {
				ALWAYS_SEARCH_USER_PATHS = NO;
				CLANG_ANALYZER_NONNULL = YES;
				CLANG_ANALYZER_NUMBER_OBJECT_CONVERSION = YES_AGGRESSIVE;
				CLANG_CXX_LANGUAGE_STANDARD = "gnu++14";
				CLANG_CXX_LIBRARY = "libc++";
				CLANG_ENABLE_MODULES = YES;
				CLANG_ENABLE_OBJC_ARC = YES;
				CLANG_ENABLE_OBJC_WEAK = YES;
				CLANG_WARN_BLOCK_CAPTURE_AUTORELEASING = YES;
				CLANG_WARN_BOOL_CONVERSION = YES;
				CLANG_WARN_COMMA = YES;
				CLANG_WARN_CONSTANT_CONVERSION = YES;
				CLANG_WARN_DEPRECATED_OBJC_IMPLEMENTATIONS = YES;
				CLANG_WARN_DIRECT_OBJC_ISA_USAGE = YES_ERROR;
				CLANG_WARN_DOCUMENTATION_COMMENTS = YES;
				CLANG_WARN_EMPTY_BODY = YES;
				CLANG_WARN_ENUM_CONVERSION = YES;
				CLANG_WARN_INFINITE_RECURSION = YES;
				CLANG_WARN_INT_CONVERSION = YES;
				CLANG_WARN_NON_LITERAL_NULL_CONVERSION = YES;
				CLANG_WARN_OBJC_IMPLICIT_RETAIN_SELF = YES;
				CLANG_WARN_OBJC_LITERAL_CONVERSION = YES;
				CLANG_WARN_OBJC_ROOT_CLASS = YES_ERROR;
				CLANG_WARN_RANGE_LOOP_ANALYSIS = YES;
				CLANG_WARN_STRICT_PROTOTYPES = YES;
				CLANG_WARN_SUSPICIOUS_MOVE = YES;
				CLANG_WARN_UNGUARDED_AVAILABILITY = YES_AGGRESSIVE;
				CLANG_WARN_UNREACHABLE_CODE = YES;
				CLANG_WARN__DUPLICATE_METHOD_MATCH = YES;
				COPY_PHASE_STRIP = NO;
				DEBUG_INFORMATION_FORMAT = "dwarf-with-dsym";
				ENABLE_NS_ASSERTIONS = NO;
				ENABLE_STRICT_OBJC_MSGSEND = YES;
				GCC_C_LANGUAGE_STANDARD = gnu11;
				GCC_NO_COMMON_BLOCKS = YES;
				GCC_WARN_64_TO_32_BIT_CONVERSION = YES;
				GCC_WARN_ABOUT_RETURN_TYPE = YES_ERROR;
				GCC_WARN_UNDECLARED_SELECTOR = YES;
				GCC_WARN_UNINITIALIZED_AUTOS = YES_AGGRESSIVE;
				GCC_WARN_UNUSED_FUNCTION = YES;
				GCC_WARN_UNUSED_VARIABLE = YES;
				IPHONEOS_DEPLOYMENT_TARGET = 13.2;
				MTL_ENABLE_DEBUG_INFO = NO;
				MTL_FAST_MATH = YES;
				SDKROOT = iphoneos;
				SWIFT_COMPILATION_MODE = wholemodule;
				SWIFT_OPTIMIZATION_LEVEL = "-O";
				VALIDATE_PRODUCT = YES;
			};
			name = Release;
		};
		BE50C99B2436F3DA00D47738 /* Debug */ = {
			isa = XCBuildConfiguration;
			buildSettings = {
				ASSETCATALOG_COMPILER_APPICON_NAME = AppIcon;
				CODE_SIGN_STYLE = Automatic;
				DEVELOPMENT_TEAM = 5H82298CCW;
				INFOPLIST_FILE = RotationImage/Info.plist;
				IPHONEOS_DEPLOYMENT_TARGET = 13.0;
				LD_RUNPATH_SEARCH_PATHS = (
					"$(inherited)",
					"@executable_path/Frameworks",
				);
				PRODUCT_BUNDLE_IDENTIFIER = com.ninn.RotationImage;
				PRODUCT_NAME = "$(TARGET_NAME)";
				SWIFT_VERSION = 5.0;
				TARGETED_DEVICE_FAMILY = 1;
			};
			name = Debug;
		};
		BE50C99C2436F3DA00D47738 /* Release */ = {
			isa = XCBuildConfiguration;
			buildSettings = {
				ASSETCATALOG_COMPILER_APPICON_NAME = AppIcon;
				CODE_SIGN_STYLE = Automatic;
				DEVELOPMENT_TEAM = 5H82298CCW;
				INFOPLIST_FILE = RotationImage/Info.plist;
				IPHONEOS_DEPLOYMENT_TARGET = 13.0;
				LD_RUNPATH_SEARCH_PATHS = (
					"$(inherited)",
					"@executable_path/Frameworks",
				);
				PRODUCT_BUNDLE_IDENTIFIER = com.ninn.RotationImage;
				PRODUCT_NAME = "$(TARGET_NAME)";
				SWIFT_VERSION = 5.0;
				TARGETED_DEVICE_FAMILY = 1;
			};
			name = Release;
		};
		BE50C99E2436F3DA00D47738 /* Debug */ = {
			isa = XCBuildConfiguration;
			buildSettings = {
				ALWAYS_EMBED_SWIFT_STANDARD_LIBRARIES = YES;
				BUNDLE_LOADER = "$(TEST_HOST)";
				CODE_SIGN_STYLE = Automatic;
				DEVELOPMENT_TEAM = 5H82298CCW;
				INFOPLIST_FILE = RotationImageTests/Info.plist;
				IPHONEOS_DEPLOYMENT_TARGET = 13.2;
				LD_RUNPATH_SEARCH_PATHS = (
					"$(inherited)",
					"@executable_path/Frameworks",
					"@loader_path/Frameworks",
				);
				PRODUCT_BUNDLE_IDENTIFIER = com.ninn.RotationImageTests;
				PRODUCT_NAME = "$(TARGET_NAME)";
				SWIFT_VERSION = 5.0;
				TARGETED_DEVICE_FAMILY = "1,2";
				TEST_HOST = "$(BUILT_PRODUCTS_DIR)/RotationImage.app/RotationImage";
			};
			name = Debug;
		};
		BE50C99F2436F3DA00D47738 /* Release */ = {
			isa = XCBuildConfiguration;
			buildSettings = {
				ALWAYS_EMBED_SWIFT_STANDARD_LIBRARIES = YES;
				BUNDLE_LOADER = "$(TEST_HOST)";
				CODE_SIGN_STYLE = Automatic;
				DEVELOPMENT_TEAM = 5H82298CCW;
				INFOPLIST_FILE = RotationImageTests/Info.plist;
				IPHONEOS_DEPLOYMENT_TARGET = 13.2;
				LD_RUNPATH_SEARCH_PATHS = (
					"$(inherited)",
					"@executable_path/Frameworks",
					"@loader_path/Frameworks",
				);
				PRODUCT_BUNDLE_IDENTIFIER = com.ninn.RotationImageTests;
				PRODUCT_NAME = "$(TARGET_NAME)";
				SWIFT_VERSION = 5.0;
				TARGETED_DEVICE_FAMILY = "1,2";
				TEST_HOST = "$(BUILT_PRODUCTS_DIR)/RotationImage.app/RotationImage";
			};
			name = Release;
		};
		BE50C9A12436F3DA00D47738 /* Debug */ = {
			isa = XCBuildConfiguration;
			buildSettings = {
				ALWAYS_EMBED_SWIFT_STANDARD_LIBRARIES = YES;
				CODE_SIGN_STYLE = Automatic;
				DEVELOPMENT_TEAM = 5H82298CCW;
				INFOPLIST_FILE = RotationImageUITests/Info.plist;
				LD_RUNPATH_SEARCH_PATHS = (
					"$(inherited)",
					"@executable_path/Frameworks",
					"@loader_path/Frameworks",
				);
				PRODUCT_BUNDLE_IDENTIFIER = com.ninn.RotationImageUITests;
				PRODUCT_NAME = "$(TARGET_NAME)";
				SWIFT_VERSION = 5.0;
				TARGETED_DEVICE_FAMILY = "1,2";
				TEST_TARGET_NAME = RotationImage;
			};
			name = Debug;
		};
		BE50C9A22436F3DA00D47738 /* Release */ = {
			isa = XCBuildConfiguration;
			buildSettings = {
				ALWAYS_EMBED_SWIFT_STANDARD_LIBRARIES = YES;
				CODE_SIGN_STYLE = Automatic;
				DEVELOPMENT_TEAM = 5H82298CCW;
				INFOPLIST_FILE = RotationImageUITests/Info.plist;
				LD_RUNPATH_SEARCH_PATHS = (
					"$(inherited)",
					"@executable_path/Frameworks",
					"@loader_path/Frameworks",
				);
				PRODUCT_BUNDLE_IDENTIFIER = com.ninn.RotationImageUITests;
				PRODUCT_NAME = "$(TARGET_NAME)";
				SWIFT_VERSION = 5.0;
				TARGETED_DEVICE_FAMILY = "1,2";
				TEST_TARGET_NAME = RotationImage;
			};
			name = Release;
		};
/* End XCBuildConfiguration section */

/* Begin XCConfigurationList section */
		BE50C96B2436F3D300D47738 /* Build configuration list for PBXProject "RotationImage" */ = {
			isa = XCConfigurationList;
			buildConfigurations = (
				BE50C9982436F3DA00D47738 /* Debug */,
				BE50C9992436F3DA00D47738 /* Release */,
			);
			defaultConfigurationIsVisible = 0;
			defaultConfigurationName = Release;
		};
		BE50C99A2436F3DA00D47738 /* Build configuration list for PBXNativeTarget "RotationImage" */ = {
			isa = XCConfigurationList;
			buildConfigurations = (
				BE50C99B2436F3DA00D47738 /* Debug */,
				BE50C99C2436F3DA00D47738 /* Release */,
			);
			defaultConfigurationIsVisible = 0;
			defaultConfigurationName = Release;
		};
		BE50C99D2436F3DA00D47738 /* Build configuration list for PBXNativeTarget "RotationImageTests" */ = {
			isa = XCConfigurationList;
			buildConfigurations = (
				BE50C99E2436F3DA00D47738 /* Debug */,
				BE50C99F2436F3DA00D47738 /* Release */,
			);
			defaultConfigurationIsVisible = 0;
			defaultConfigurationName = Release;
		};
		BE50C9A02436F3DA00D47738 /* Build configuration list for PBXNativeTarget "RotationImageUITests" */ = {
			isa = XCConfigurationList;
			buildConfigurations = (
				BE50C9A12436F3DA00D47738 /* Debug */,
				BE50C9A22436F3DA00D47738 /* Release */,
			);
			defaultConfigurationIsVisible = 0;
			defaultConfigurationName = Release;
		};
/* End XCConfigurationList section */
	};
	rootObject = BE50C9682436F3D300D47738 /* Project object */;
}
